// !$*UTF8*$!
{
	archiveVersion = 1;
	classes = {
	};
	objectVersion = 50;
	objects = {

/* Begin PBXBuildFile section */
		2781B69DC415BBFC6CDCC3E5 /* Pods_ArtSpace2_0.framework in Frameworks */ = {isa = PBXBuildFile; fileRef = F62508AB1EE09C6CCD90E64E /* Pods_ArtSpace2_0.framework */; };
		6B4D821C25003F5000B1DCF4 /* AppDelegate.swift in Sources */ = {isa = PBXBuildFile; fileRef = 6B4D821B25003F5000B1DCF4 /* AppDelegate.swift */; };
		6B4D821E25003F5000B1DCF4 /* SceneDelegate.swift in Sources */ = {isa = PBXBuildFile; fileRef = 6B4D821D25003F5000B1DCF4 /* SceneDelegate.swift */; };
		6B4D822025003F5000B1DCF4 /* ViewController.swift in Sources */ = {isa = PBXBuildFile; fileRef = 6B4D821F25003F5000B1DCF4 /* ViewController.swift */; };
		6B4D822325003F5000B1DCF4 /* Main.storyboard in Resources */ = {isa = PBXBuildFile; fileRef = 6B4D822125003F5000B1DCF4 /* Main.storyboard */; };
		6B4D822525003F5200B1DCF4 /* Assets.xcassets in Resources */ = {isa = PBXBuildFile; fileRef = 6B4D822425003F5200B1DCF4 /* Assets.xcassets */; };
		6B4D822825003F5200B1DCF4 /* LaunchScreen.storyboard in Resources */ = {isa = PBXBuildFile; fileRef = 6B4D822625003F5200B1DCF4 /* LaunchScreen.storyboard */; };
		6B4D82312500472800B1DCF4 /* HomeViewController.swift in Sources */ = {isa = PBXBuildFile; fileRef = 6B4D82302500472800B1DCF4 /* HomeViewController.swift */; };
		6B4D82332500475000B1DCF4 /* TabBarViewController.swift in Sources */ = {isa = PBXBuildFile; fileRef = 6B4D82322500475000B1DCF4 /* TabBarViewController.swift */; };
/* End PBXBuildFile section */

/* Begin PBXFileReference section */
		42D08E62913D406F326C8014 /* Pods-ArtSpace2.0.debug.xcconfig */ = {isa = PBXFileReference; includeInIndex = 1; lastKnownFileType = text.xcconfig; name = "Pods-ArtSpace2.0.debug.xcconfig"; path = "Target Support Files/Pods-ArtSpace2.0/Pods-ArtSpace2.0.debug.xcconfig"; sourceTree = "<group>"; };
		6B4D821825003F5000B1DCF4 /* ArtSpace2.0.app */ = {isa = PBXFileReference; explicitFileType = wrapper.application; includeInIndex = 0; path = ArtSpace2.0.app; sourceTree = BUILT_PRODUCTS_DIR; };
		6B4D821B25003F5000B1DCF4 /* AppDelegate.swift */ = {isa = PBXFileReference; lastKnownFileType = sourcecode.swift; path = AppDelegate.swift; sourceTree = "<group>"; };
		6B4D821D25003F5000B1DCF4 /* SceneDelegate.swift */ = {isa = PBXFileReference; lastKnownFileType = sourcecode.swift; path = SceneDelegate.swift; sourceTree = "<group>"; };
		6B4D821F25003F5000B1DCF4 /* ViewController.swift */ = {isa = PBXFileReference; lastKnownFileType = sourcecode.swift; path = ViewController.swift; sourceTree = "<group>"; };
		6B4D822225003F5000B1DCF4 /* Base */ = {isa = PBXFileReference; lastKnownFileType = file.storyboard; name = Base; path = Base.lproj/Main.storyboard; sourceTree = "<group>"; };
		6B4D822425003F5200B1DCF4 /* Assets.xcassets */ = {isa = PBXFileReference; lastKnownFileType = folder.assetcatalog; path = Assets.xcassets; sourceTree = "<group>"; };
		6B4D822725003F5200B1DCF4 /* Base */ = {isa = PBXFileReference; lastKnownFileType = file.storyboard; name = Base; path = Base.lproj/LaunchScreen.storyboard; sourceTree = "<group>"; };
		6B4D822925003F5200B1DCF4 /* Info.plist */ = {isa = PBXFileReference; lastKnownFileType = text.plist.xml; path = Info.plist; sourceTree = "<group>"; };
		6B4D82302500472800B1DCF4 /* HomeViewController.swift */ = {isa = PBXFileReference; lastKnownFileType = sourcecode.swift; path = HomeViewController.swift; sourceTree = "<group>"; };
		6B4D82322500475000B1DCF4 /* TabBarViewController.swift */ = {isa = PBXFileReference; lastKnownFileType = sourcecode.swift; path = TabBarViewController.swift; sourceTree = "<group>"; };
		B4CD2D9C14A46BB793F81D62 /* Pods-ArtSpace2.0.release.xcconfig */ = {isa = PBXFileReference; includeInIndex = 1; lastKnownFileType = text.xcconfig; name = "Pods-ArtSpace2.0.release.xcconfig"; path = "Target Support Files/Pods-ArtSpace2.0/Pods-ArtSpace2.0.release.xcconfig"; sourceTree = "<group>"; };
		F62508AB1EE09C6CCD90E64E /* Pods_ArtSpace2_0.framework */ = {isa = PBXFileReference; explicitFileType = wrapper.framework; includeInIndex = 0; path = Pods_ArtSpace2_0.framework; sourceTree = BUILT_PRODUCTS_DIR; };
/* End PBXFileReference section */

/* Begin PBXFrameworksBuildPhase section */
		6B4D821525003F5000B1DCF4 /* Frameworks */ = {
			isa = PBXFrameworksBuildPhase;
			buildActionMask = 2147483647;
			files = (
				2781B69DC415BBFC6CDCC3E5 /* Pods_ArtSpace2_0.framework in Frameworks */,
			);
			runOnlyForDeploymentPostprocessing = 0;
		};
/* End PBXFrameworksBuildPhase section */

/* Begin PBXGroup section */
		6B4D820F25003F5000B1DCF4 = {
			isa = PBXGroup;
			children = (
				6B4D822F2500470800B1DCF4 /* ViewControllers */,
				6B4D821A25003F5000B1DCF4 /* ArtSpace2.0 */,
				6B4D821925003F5000B1DCF4 /* Products */,
				ECB4F8290516EFE0A1902BCE /* Pods */,
				D68BC3817B85F6EE037F87A3 /* Frameworks */,
			);
			sourceTree = "<group>";
		};
		6B4D821925003F5000B1DCF4 /* Products */ = {
			isa = PBXGroup;
			children = (
				6B4D821825003F5000B1DCF4 /* ArtSpace2.0.app */,
			);
			name = Products;
			sourceTree = "<group>";
		};
		6B4D821A25003F5000B1DCF4 /* ArtSpace2.0 */ = {
			isa = PBXGroup;
			children = (
				6B4D821B25003F5000B1DCF4 /* AppDelegate.swift */,
				6B4D821D25003F5000B1DCF4 /* SceneDelegate.swift */,
				6B4D821F25003F5000B1DCF4 /* ViewController.swift */,
				6B4D822125003F5000B1DCF4 /* Main.storyboard */,
				6B4D822425003F5200B1DCF4 /* Assets.xcassets */,
				6B4D822625003F5200B1DCF4 /* LaunchScreen.storyboard */,
				6B4D822925003F5200B1DCF4 /* Info.plist */,
			);
			path = ArtSpace2.0;
			sourceTree = "<group>";
		};
		6B4D822F2500470800B1DCF4 /* ViewControllers */ = {
			isa = PBXGroup;
			children = (
				6B4D82302500472800B1DCF4 /* HomeViewController.swift */,
				6B4D82322500475000B1DCF4 /* TabBarViewController.swift */,
			);
			path = ViewControllers;
			sourceTree = "<group>";
		};
		D68BC3817B85F6EE037F87A3 /* Frameworks */ = {
			isa = PBXGroup;
			children = (
				F62508AB1EE09C6CCD90E64E /* Pods_ArtSpace2_0.framework */,
			);
			name = Frameworks;
			sourceTree = "<group>";
		};
		ECB4F8290516EFE0A1902BCE /* Pods */ = {
			isa = PBXGroup;
			children = (
				42D08E62913D406F326C8014 /* Pods-ArtSpace2.0.debug.xcconfig */,
				B4CD2D9C14A46BB793F81D62 /* Pods-ArtSpace2.0.release.xcconfig */,
			);
			path = Pods;
			sourceTree = "<group>";
		};
/* End PBXGroup section */

/* Begin PBXNativeTarget section */
		6B4D821725003F5000B1DCF4 /* ArtSpace2.0 */ = {
			isa = PBXNativeTarget;
			buildConfigurationList = 6B4D822C25003F5200B1DCF4 /* Build configuration list for PBXNativeTarget "ArtSpace2.0" */;
			buildPhases = (
				12D203EE381FFBD0F781514A /* [CP] Check Pods Manifest.lock */,
				6B4D821425003F5000B1DCF4 /* Sources */,
				6B4D821525003F5000B1DCF4 /* Frameworks */,
				6B4D821625003F5000B1DCF4 /* Resources */,
			);
			buildRules = (
			);
			dependencies = (
			);
			name = ArtSpace2.0;
			productName = ArtSpace2.0;
			productReference = 6B4D821825003F5000B1DCF4 /* ArtSpace2.0.app */;
			productType = "com.apple.product-type.application";
		};
/* End PBXNativeTarget section */

/* Begin PBXProject section */
		6B4D821025003F5000B1DCF4 /* Project object */ = {
			isa = PBXProject;
			attributes = {
				LastSwiftUpdateCheck = 1100;
				LastUpgradeCheck = 1100;
				ORGANIZATIONNAME = "Kary Martinez";
				TargetAttributes = {
					6B4D821725003F5000B1DCF4 = {
						CreatedOnToolsVersion = 11.0;
					};
				};
			};
			buildConfigurationList = 6B4D821325003F5000B1DCF4 /* Build configuration list for PBXProject "ArtSpace2.0" */;
			compatibilityVersion = "Xcode 9.3";
			developmentRegion = en;
			hasScannedForEncodings = 0;
			knownRegions = (
				en,
				Base,
			);
			mainGroup = 6B4D820F25003F5000B1DCF4;
			productRefGroup = 6B4D821925003F5000B1DCF4 /* Products */;
			projectDirPath = "";
			projectRoot = "";
			targets = (
				6B4D821725003F5000B1DCF4 /* ArtSpace2.0 */,
			);
		};
/* End PBXProject section */

/* Begin PBXResourcesBuildPhase section */
		6B4D821625003F5000B1DCF4 /* Resources */ = {
			isa = PBXResourcesBuildPhase;
			buildActionMask = 2147483647;
			files = (
				6B4D822825003F5200B1DCF4 /* LaunchScreen.storyboard in Resources */,
				6B4D822525003F5200B1DCF4 /* Assets.xcassets in Resources */,
				6B4D822325003F5000B1DCF4 /* Main.storyboard in Resources */,
			);
			runOnlyForDeploymentPostprocessing = 0;
		};
/* End PBXResourcesBuildPhase section */

/* Begin PBXShellScriptBuildPhase section */
		12D203EE381FFBD0F781514A /* [CP] Check Pods Manifest.lock */ = {
			isa = PBXShellScriptBuildPhase;
			buildActionMask = 2147483647;
			files = (
			);
			inputFileListPaths = (
			);
			inputPaths = (
				"${PODS_PODFILE_DIR_PATH}/Podfile.lock",
				"${PODS_ROOT}/Manifest.lock",
			);
			name = "[CP] Check Pods Manifest.lock";
			outputFileListPaths = (
			);
			outputPaths = (
				"$(DERIVED_FILE_DIR)/Pods-ArtSpace2.0-checkManifestLockResult.txt",
			);
			runOnlyForDeploymentPostprocessing = 0;
			shellPath = /bin/sh;
			shellScript = "diff \"${PODS_PODFILE_DIR_PATH}/Podfile.lock\" \"${PODS_ROOT}/Manifest.lock\" > /dev/null\nif [ $? != 0 ] ; then\n    # print error to STDERR\n    echo \"error: The sandbox is not in sync with the Podfile.lock. Run 'pod install' or update your CocoaPods installation.\" >&2\n    exit 1\nfi\n# This output is used by Xcode 'outputs' to avoid re-running this script phase.\necho \"SUCCESS\" > \"${SCRIPT_OUTPUT_FILE_0}\"\n";
			showEnvVarsInLog = 0;
		};
/* End PBXShellScriptBuildPhase section */

/* Begin PBXSourcesBuildPhase section */
		6B4D821425003F5000B1DCF4 /* Sources */ = {
			isa = PBXSourcesBuildPhase;
			buildActionMask = 2147483647;
			files = (
				6B4D822025003F5000B1DCF4 /* ViewController.swift in Sources */,
				6B4D821C25003F5000B1DCF4 /* AppDelegate.swift in Sources */,
				6B4D821E25003F5000B1DCF4 /* SceneDelegate.swift in Sources */,
				6B4D82332500475000B1DCF4 /* TabBarViewController.swift in Sources */,
				6B4D82312500472800B1DCF4 /* HomeViewController.swift in Sources */,
			);
			runOnlyForDeploymentPostprocessing = 0;
		};
/* End PBXSourcesBuildPhase section */

/* Begin PBXVariantGroup section */
		6B4D822125003F5000B1DCF4 /* Main.storyboard */ = {
			isa = PBXVariantGroup;
			children = (
				6B4D822225003F5000B1DCF4 /* Base */,
			);
			name = Main.storyboard;
			sourceTree = "<group>";
		};
		6B4D822625003F5200B1DCF4 /* LaunchScreen.storyboard */ = {
			isa = PBXVariantGroup;
			children = (
				6B4D822725003F5200B1DCF4 /* Base */,
			);
			name = LaunchScreen.storyboard;
			sourceTree = "<group>";
		};
/* End PBXVariantGroup section */

/* Begin XCBuildConfiguration section */
		6B4D822A25003F5200B1DCF4 /* Debug */ = {
			isa = XCBuildConfiguration;
			buildSettings = {
				ALWAYS_SEARCH_USER_PATHS = NO;
				CLANG_ANALYZER_NONNULL = YES;
				CLANG_ANALYZER_NUMBER_OBJECT_CONVERSION = YES_AGGRESSIVE;
				CLANG_CXX_LANGUAGE_STANDARD = "gnu++14";
				CLANG_CXX_LIBRARY = "libc++";
				CLANG_ENABLE_MODULES = YES;
				CLANG_ENABLE_OBJC_ARC = YES;
				CLANG_ENABLE_OBJC_WEAK = YES;
				CLANG_WARN_BLOCK_CAPTURE_AUTORELEASING = YES;
				CLANG_WARN_BOOL_CONVERSION = YES;
				CLANG_WARN_COMMA = YES;
				CLANG_WARN_CONSTANT_CONVERSION = YES;
				CLANG_WARN_DEPRECATED_OBJC_IMPLEMENTATIONS = YES;
				CLANG_WARN_DIRECT_OBJC_ISA_USAGE = YES_ERROR;
				CLANG_WARN_DOCUMENTATION_COMMENTS = YES;
				CLANG_WARN_EMPTY_BODY = YES;
				CLANG_WARN_ENUM_CONVERSION = YES;
				CLANG_WARN_INFINITE_RECURSION = YES;
				CLANG_WARN_INT_CONVERSION = YES;
				CLANG_WARN_NON_LITERAL_NULL_CONVERSION = YES;
				CLANG_WARN_OBJC_IMPLICIT_RETAIN_SELF = YES;
				CLANG_WARN_OBJC_LITERAL_CONVERSION = YES;
				CLANG_WARN_OBJC_ROOT_CLASS = YES_ERROR;
				CLANG_WARN_RANGE_LOOP_ANALYSIS = YES;
				CLANG_WARN_STRICT_PROTOTYPES = YES;
				CLANG_WARN_SUSPICIOUS_MOVE = YES;
				CLANG_WARN_UNGUARDED_AVAILABILITY = YES_AGGRESSIVE;
				CLANG_WARN_UNREACHABLE_CODE = YES;
				CLANG_WARN__DUPLICATE_METHOD_MATCH = YES;
				COPY_PHASE_STRIP = NO;
				DEBUG_INFORMATION_FORMAT = dwarf;
				ENABLE_STRICT_OBJC_MSGSEND = YES;
				ENABLE_TESTABILITY = YES;
				GCC_C_LANGUAGE_STANDARD = gnu11;
				GCC_DYNAMIC_NO_PIC = NO;
				GCC_NO_COMMON_BLOCKS = YES;
				GCC_OPTIMIZATION_LEVEL = 0;
				GCC_PREPROCESSOR_DEFINITIONS = (
					"DEBUG=1",
					"$(inherited)",
				);
				GCC_WARN_64_TO_32_BIT_CONVERSION = YES;
				GCC_WARN_ABOUT_RETURN_TYPE = YES_ERROR;
				GCC_WARN_UNDECLARED_SELECTOR = YES;
				GCC_WARN_UNINITIALIZED_AUTOS = YES_AGGRESSIVE;
				GCC_WARN_UNUSED_FUNCTION = YES;
				GCC_WARN_UNUSED_VARIABLE = YES;
				IPHONEOS_DEPLOYMENT_TARGET = 13.0;
				MTL_ENABLE_DEBUG_INFO = INCLUDE_SOURCE;
				MTL_FAST_MATH = YES;
				ONLY_ACTIVE_ARCH = YES;
				SDKROOT = iphoneos;
				SWIFT_ACTIVE_COMPILATION_CONDITIONS = DEBUG;
				SWIFT_OPTIMIZATION_LEVEL = "-Onone";
			};
			name = Debug;
		};
		6B4D822B25003F5200B1DCF4 /* Release */ = {
			isa = XCBuildConfiguration;
			buildSettings = {
				ALWAYS_SEARCH_USER_PATHS = NO;
				CLANG_ANALYZER_NONNULL = YES;
				CLANG_ANALYZER_NUMBER_OBJECT_CONVERSION = YES_AGGRESSIVE;
				CLANG_CXX_LANGUAGE_STANDARD = "gnu++14";
				CLANG_CXX_LIBRARY = "libc++";
				CLANG_ENABLE_MODULES = YES;
				CLANG_ENABLE_OBJC_ARC = YES;
				CLANG_ENABLE_OBJC_WEAK = YES;
				CLANG_WARN_BLOCK_CAPTURE_AUTORELEASING = YES;
				CLANG_WARN_BOOL_CONVERSION = YES;
				CLANG_WARN_COMMA = YES;
				CLANG_WARN_CONSTANT_CONVERSION = YES;
				CLANG_WARN_DEPRECATED_OBJC_IMPLEMENTATIONS = YES;
				CLANG_WARN_DIRECT_OBJC_ISA_USAGE = YES_ERROR;
				CLANG_WARN_DOCUMENTATION_COMMENTS = YES;
				CLANG_WARN_EMPTY_BODY = YES;
				CLANG_WARN_ENUM_CONVERSION = YES;
				CLANG_WARN_INFINITE_RECURSION = YES;
				CLANG_WARN_INT_CONVERSION = YES;
				CLANG_WARN_NON_LITERAL_NULL_CONVERSION = YES;
				CLANG_WARN_OBJC_IMPLICIT_RETAIN_SELF = YES;
				CLANG_WARN_OBJC_LITERAL_CONVERSION = YES;
				CLANG_WARN_OBJC_ROOT_CLASS = YES_ERROR;
				CLANG_WARN_RANGE_LOOP_ANALYSIS = YES;
				CLANG_WARN_STRICT_PROTOTYPES = YES;
				CLANG_WARN_SUSPICIOUS_MOVE = YES;
				CLANG_WARN_UNGUARDED_AVAILABILITY = YES_AGGRESSIVE;
				CLANG_WARN_UNREACHABLE_CODE = YES;
				CLANG_WARN__DUPLICATE_METHOD_MATCH = YES;
				COPY_PHASE_STRIP = NO;
				DEBUG_INFORMATION_FORMAT = "dwarf-with-dsym";
				ENABLE_NS_ASSERTIONS = NO;
				ENABLE_STRICT_OBJC_MSGSEND = YES;
				GCC_C_LANGUAGE_STANDARD = gnu11;
				GCC_NO_COMMON_BLOCKS = YES;
				GCC_WARN_64_TO_32_BIT_CONVERSION = YES;
				GCC_WARN_ABOUT_RETURN_TYPE = YES_ERROR;
				GCC_WARN_UNDECLARED_SELECTOR = YES;
				GCC_WARN_UNINITIALIZED_AUTOS = YES_AGGRESSIVE;
				GCC_WARN_UNUSED_FUNCTION = YES;
				GCC_WARN_UNUSED_VARIABLE = YES;
				IPHONEOS_DEPLOYMENT_TARGET = 13.0;
				MTL_ENABLE_DEBUG_INFO = NO;
				MTL_FAST_MATH = YES;
				SDKROOT = iphoneos;
				SWIFT_COMPILATION_MODE = wholemodule;
				SWIFT_OPTIMIZATION_LEVEL = "-O";
				VALIDATE_PRODUCT = YES;
			};
			name = Release;
		};
		6B4D822D25003F5200B1DCF4 /* Debug */ = {
			isa = XCBuildConfiguration;
			baseConfigurationReference = 42D08E62913D406F326C8014 /* Pods-ArtSpace2.0.debug.xcconfig */;
			buildSettings = {
				ASSETCATALOG_COMPILER_APPICON_NAME = AppIcon;
				CODE_SIGN_STYLE = Automatic;
				INFOPLIST_FILE = ArtSpace2.0/Info.plist;
				LD_RUNPATH_SEARCH_PATHS = (
					"$(inherited)",
					"@executable_path/Frameworks",
				);
				PRODUCT_BUNDLE_IDENTIFIER = "project.ArtSpace2-0";
				PRODUCT_NAME = "$(TARGET_NAME)";
				SWIFT_VERSION = 5.0;
				TARGETED_DEVICE_FAMILY = "1,2";
			};
			name = Debug;
		};
		6B4D822E25003F5200B1DCF4 /* Release */ = {
			isa = XCBuildConfiguration;
			baseConfigurationReference = B4CD2D9C14A46BB793F81D62 /* Pods-ArtSpace2.0.release.xcconfig */;
			buildSettings = {
				ASSETCATALOG_COMPILER_APPICON_NAME = AppIcon;
				CODE_SIGN_STYLE = Automatic;
				INFOPLIST_FILE = ArtSpace2.0/Info.plist;
				LD_RUNPATH_SEARCH_PATHS = (
					"$(inherited)",
					"@executable_path/Frameworks",
				);
				PRODUCT_BUNDLE_IDENTIFIER = "project.ArtSpace2-0";
				PRODUCT_NAME = "$(TARGET_NAME)";
				SWIFT_VERSION = 5.0;
				TARGETED_DEVICE_FAMILY = "1,2";
			};
			name = Release;
		};
/* End XCBuildConfiguration section */

/* Begin XCConfigurationList section */
		6B4D821325003F5000B1DCF4 /* Build configuration list for PBXProject "ArtSpace2.0" */ = {
			isa = XCConfigurationList;
			buildConfigurations = (
				6B4D822A25003F5200B1DCF4 /* Debug */,
				6B4D822B25003F5200B1DCF4 /* Release */,
			);
			defaultConfigurationIsVisible = 0;
			defaultConfigurationName = Release;
		};
		6B4D822C25003F5200B1DCF4 /* Build configuration list for PBXNativeTarget "ArtSpace2.0" */ = {
			isa = XCConfigurationList;
			buildConfigurations = (
				6B4D822D25003F5200B1DCF4 /* Debug */,
				6B4D822E25003F5200B1DCF4 /* Release */,
			);
			defaultConfigurationIsVisible = 0;
			defaultConfigurationName = Release;
		};
/* End XCConfigurationList section */
	};
	rootObject = 6B4D821025003F5000B1DCF4 /* Project object */;
}
